// !$*UTF8*$!
{
	archiveVersion = 1;
	classes = {
	};
	objectVersion = 46;
	objects = {

/* Begin PBXBuildFile section */
		5B331D3C1E8884DE00A9739D /* AppDelegate.swift in Sources */ = {isa = PBXBuildFile; fileRef = 5B331D3B1E8884DE00A9739D /* AppDelegate.swift */; };
		5B331D3E1E8884DE00A9739D /* Assets.xcassets in Resources */ = {isa = PBXBuildFile; fileRef = 5B331D3D1E8884DE00A9739D /* Assets.xcassets */; };
		5B331D411E8884DE00A9739D /* MainMenu.xib in Resources */ = {isa = PBXBuildFile; fileRef = 5B331D3F1E8884DE00A9739D /* MainMenu.xib */; };
		5B36C8631E88A41300D49A4D /* ledcontrol.c in Sources */ = {isa = PBXBuildFile; fileRef = 5B36C8611E88A41300D49A4D /* ledcontrol.c */; };
/* End PBXBuildFile section */

/* Begin PBXFileReference section */
		5B331D381E8884DE00A9739D /* kb LED Menu.app */ = {isa = PBXFileReference; explicitFileType = wrapper.application; includeInIndex = 0; path = "kb LED Menu.app"; sourceTree = BUILT_PRODUCTS_DIR; };
		5B331D3B1E8884DE00A9739D /* AppDelegate.swift */ = {isa = PBXFileReference; lastKnownFileType = sourcecode.swift; path = AppDelegate.swift; sourceTree = "<group>"; };
		5B331D3D1E8884DE00A9739D /* Assets.xcassets */ = {isa = PBXFileReference; lastKnownFileType = folder.assetcatalog; path = Assets.xcassets; sourceTree = "<group>"; };
		5B331D401E8884DE00A9739D /* Base */ = {isa = PBXFileReference; lastKnownFileType = file.xib; name = Base; path = Base.lproj/MainMenu.xib; sourceTree = "<group>"; };
		5B331D421E8884DE00A9739D /* Info.plist */ = {isa = PBXFileReference; lastKnownFileType = text.plist.xml; path = Info.plist; sourceTree = "<group>"; };
		5B36C8601E88A41200D49A4D /* kb LED Menu-Bridging-Header.h */ = {isa = PBXFileReference; lastKnownFileType = sourcecode.c.h; path = "kb LED Menu-Bridging-Header.h"; sourceTree = "<group>"; };
		5B36C8611E88A41300D49A4D /* ledcontrol.c */ = {isa = PBXFileReference; fileEncoding = 4; lastKnownFileType = sourcecode.c.c; path = ledcontrol.c; sourceTree = "<group>"; };
		5B36C8621E88A41300D49A4D /* ledcontrol.h */ = {isa = PBXFileReference; fileEncoding = 4; lastKnownFileType = sourcecode.c.h; path = ledcontrol.h; sourceTree = "<group>"; };
/* End PBXFileReference section */

/* Begin PBXFrameworksBuildPhase section */
		5B331D351E8884DE00A9739D /* Frameworks */ = {
			isa = PBXFrameworksBuildPhase;
			buildActionMask = 2147483647;
			files = (
			);
			runOnlyForDeploymentPostprocessing = 0;
		};
/* End PBXFrameworksBuildPhase section */

/* Begin PBXGroup section */
		5B331D2F1E8884DE00A9739D = {
			isa = PBXGroup;
			children = (
				5B331D3A1E8884DE00A9739D /* kb LED Menu */,
				5B331D391E8884DE00A9739D /* Products */,
			);
			sourceTree = "<group>";
		};
		5B331D391E8884DE00A9739D /* Products */ = {
			isa = PBXGroup;
			children = (
				5B331D381E8884DE00A9739D /* kb LED Menu.app */,
			);
			name = Products;
			sourceTree = "<group>";
		};
		5B331D3A1E8884DE00A9739D /* kb LED Menu */ = {
			isa = PBXGroup;
			children = (
				5B331D3B1E8884DE00A9739D /* AppDelegate.swift */,
				5B331D3D1E8884DE00A9739D /* Assets.xcassets */,
				5B331D3F1E8884DE00A9739D /* MainMenu.xib */,
				5B331D421E8884DE00A9739D /* Info.plist */,
				5B36C8611E88A41300D49A4D /* ledcontrol.c */,
				5B36C8621E88A41300D49A4D /* ledcontrol.h */,
				5B36C8601E88A41200D49A4D /* kb LED Menu-Bridging-Header.h */,
			);
			path = "kb LED Menu";
			sourceTree = "<group>";
		};
/* End PBXGroup section */

/* Begin PBXNativeTarget section */
		5B331D371E8884DE00A9739D /* kb LED Menu */ = {
			isa = PBXNativeTarget;
			buildConfigurationList = 5B331D451E8884DE00A9739D /* Build configuration list for PBXNativeTarget "kb LED Menu" */;
			buildPhases = (
				5B331D341E8884DE00A9739D /* Sources */,
				5B331D351E8884DE00A9739D /* Frameworks */,
				5B331D361E8884DE00A9739D /* Resources */,
			);
			buildRules = (
			);
			dependencies = (
			);
			name = "kb LED Menu";
			productName = "kb LED Menu";
			productReference = 5B331D381E8884DE00A9739D /* kb LED Menu.app */;
			productType = "com.apple.product-type.application";
		};
/* End PBXNativeTarget section */

/* Begin PBXProject section */
		5B331D301E8884DE00A9739D /* Project object */ = {
			isa = PBXProject;
			attributes = {
				LastSwiftUpdateCheck = 0820;
				LastUpgradeCheck = 0820;
				ORGANIZATIONNAME = "Rodrigo Tavares";
				TargetAttributes = {
					5B331D371E8884DE00A9739D = {
						CreatedOnToolsVersion = 8.2.1;
						DevelopmentTeam = T8UHR7346H;
						LastSwiftMigration = 0820;
						ProvisioningStyle = Automatic;
					};
				};
			};
			buildConfigurationList = 5B331D331E8884DE00A9739D /* Build configuration list for PBXProject "kb LED Menu" */;
			compatibilityVersion = "Xcode 3.2";
			developmentRegion = English;
			hasScannedForEncodings = 0;
			knownRegions = (
				en,
				Base,
			);
			mainGroup = 5B331D2F1E8884DE00A9739D;
			productRefGroup = 5B331D391E8884DE00A9739D /* Products */;
			projectDirPath = "";
			projectRoot = "";
			targets = (
				5B331D371E8884DE00A9739D /* kb LED Menu */,
			);
		};
/* End PBXProject section */

/* Begin PBXResourcesBuildPhase section */
		5B331D361E8884DE00A9739D /* Resources */ = {
			isa = PBXResourcesBuildPhase;
			buildActionMask = 2147483647;
			files = (
				5B331D3E1E8884DE00A9739D /* Assets.xcassets in Resources */,
				5B331D411E8884DE00A9739D /* MainMenu.xib in Resources */,
			);
			runOnlyForDeploymentPostprocessing = 0;
		};
/* End PBXResourcesBuildPhase section */

/* Begin PBXSourcesBuildPhase section */
		5B331D341E8884DE00A9739D /* Sources */ = {
			isa = PBXSourcesBuildPhase;
			buildActionMask = 2147483647;
			files = (
				5B331D3C1E8884DE00A9739D /* AppDelegate.swift in Sources */,
				5B36C8631E88A41300D49A4D /* ledcontrol.c in Sources */,
			);
			runOnlyForDeploymentPostprocessing = 0;
		};
/* End PBXSourcesBuildPhase section */

/* Begin PBXVariantGroup section */
		5B331D3F1E8884DE00A9739D /* MainMenu.xib */ = {
			isa = PBXVariantGroup;
			children = (
				5B331D401E8884DE00A9739D /* Base */,
			);
			name = MainMenu.xib;
			sourceTree = "<group>";
		};
/* End PBXVariantGroup section */

/* Begin XCBuildConfiguration section */
		5B331D431E8884DE00A9739D /* Debug */ = {
			isa = XCBuildConfiguration;
			buildSettings = {
				ALWAYS_SEARCH_USER_PATHS = NO;
				CLANG_ANALYZER_NONNULL = YES;
				CLANG_CXX_LANGUAGE_STANDARD = "gnu++0x";
				CLANG_CXX_LIBRARY = "libc++";
				CLANG_ENABLE_MODULES = YES;
				CLANG_ENABLE_OBJC_ARC = YES;
				CLANG_WARN_BOOL_CONVERSION = YES;
				CLANG_WARN_CONSTANT_CONVERSION = YES;
				CLANG_WARN_DIRECT_OBJC_ISA_USAGE = YES_ERROR;
				CLANG_WARN_DOCUMENTATION_COMMENTS = YES;
				CLANG_WARN_EMPTY_BODY = YES;
				CLANG_WARN_ENUM_CONVERSION = YES;
				CLANG_WARN_INFINITE_RECURSION = YES;
				CLANG_WARN_INT_CONVERSION = YES;
				CLANG_WARN_OBJC_ROOT_CLASS = YES_ERROR;
				CLANG_WARN_SUSPICIOUS_MOVE = YES;
				CLANG_WARN_UNREACHABLE_CODE = YES;
				CLANG_WARN__DUPLICATE_METHOD_MATCH = YES;
				CODE_SIGN_IDENTITY = "-";
				COPY_PHASE_STRIP = NO;
				DEBUG_INFORMATION_FORMAT = dwarf;
				ENABLE_STRICT_OBJC_MSGSEND = YES;
				ENABLE_TESTABILITY = YES;
				GCC_C_LANGUAGE_STANDARD = gnu99;
				GCC_DYNAMIC_NO_PIC = NO;
				GCC_NO_COMMON_BLOCKS = YES;
				GCC_OPTIMIZATION_LEVEL = 0;
				GCC_PREPROCESSOR_DEFINITIONS = (
					"DEBUG=1",
					"$(inherited)",
				);
				GCC_WARN_64_TO_32_BIT_CONVERSION = YES;
				GCC_WARN_ABOUT_RETURN_TYPE = YES_ERROR;
				GCC_WARN_UNDECLARED_SELECTOR = YES;
				GCC_WARN_UNINITIALIZED_AUTOS = YES_AGGRESSIVE;
				GCC_WARN_UNUSED_FUNCTION = YES;
				GCC_WARN_UNUSED_VARIABLE = YES;
				MACOSX_DEPLOYMENT_TARGET = 10.12;
				MTL_ENABLE_DEBUG_INFO = YES;
				ONLY_ACTIVE_ARCH = YES;
				SDKROOT = macosx;
				SWIFT_ACTIVE_COMPILATION_CONDITIONS = DEBUG;
				SWIFT_OPTIMIZATION_LEVEL = "-Onone";
			};
			name = Debug;
		};
		5B331D441E8884DE00A9739D /* Release */ = {
			isa = XCBuildConfiguration;
			buildSettings = {
				ALWAYS_SEARCH_USER_PATHS = NO;
				CLANG_ANALYZER_NONNULL = YES;
				CLANG_CXX_LANGUAGE_STANDARD = "gnu++0x";
				CLANG_CXX_LIBRARY = "libc++";
				CLANG_ENABLE_MODULES = YES;
				CLANG_ENABLE_OBJC_ARC = YES;
				CLANG_WARN_BOOL_CONVERSION = YES;
				CLANG_WARN_CONSTANT_CONVERSION = YES;
				CLANG_WARN_DIRECT_OBJC_ISA_USAGE = YES_ERROR;
				CLANG_WARN_DOCUMENTATION_COMMENTS = YES;
				CLANG_WARN_EMPTY_BODY = YES;
				CLANG_WARN_ENUM_CONVERSION = YES;
				CLANG_WARN_INFINITE_RECURSION = YES;
				CLANG_WARN_INT_CONVERSION = YES;
				CLANG_WARN_OBJC_ROOT_CLASS = YES_ERROR;
				CLANG_WARN_SUSPICIOUS_MOVE = YES;
				CLANG_WARN_UNREACHABLE_CODE = YES;
				CLANG_WARN__DUPLICATE_METHOD_MATCH = YES;
				CODE_SIGN_IDENTITY = "-";
				COPY_PHASE_STRIP = NO;
				DEBUG_INFORMATION_FORMAT = "dwarf-with-dsym";
				ENABLE_NS_ASSERTIONS = NO;
				ENABLE_STRICT_OBJC_MSGSEND = YES;
				GCC_C_LANGUAGE_STANDARD = gnu99;
				GCC_NO_COMMON_BLOCKS = YES;
				GCC_WARN_64_TO_32_BIT_CONVERSION = YES;
				GCC_WARN_ABOUT_RETURN_TYPE = YES_ERROR;
				GCC_WARN_UNDECLARED_SELECTOR = YES;
				GCC_WARN_UNINITIALIZED_AUTOS = YES_AGGRESSIVE;
				GCC_WARN_UNUSED_FUNCTION = YES;
				GCC_WARN_UNUSED_VARIABLE = YES;
				MACOSX_DEPLOYMENT_TARGET = 10.12;
				MTL_ENABLE_DEBUG_INFO = NO;
				SDKROOT = macosx;
				SWIFT_OPTIMIZATION_LEVEL = "-Owholemodule";
			};
			name = Release;
		};
		5B331D461E8884DE00A9739D /* Debug */ = {
			isa = XCBuildConfiguration;
			buildSettings = {
				ASSETCATALOG_COMPILER_APPICON_NAME = AppIcon;
				CLANG_ENABLE_MODULES = YES;
				CODE_SIGN_IDENTITY = "Mac Developer";
				COMBINE_HIDPI_IMAGES = YES;
				DEVELOPMENT_TEAM = T8UHR7346H;
				INFOPLIST_FILE = "kb LED Menu/Info.plist";
				LD_RUNPATH_SEARCH_PATHS = "$(inherited) @executable_path/../Frameworks";
				MACOSX_DEPLOYMENT_TARGET = 10.12;
				PRODUCT_BUNDLE_IDENTIFIER = com.rodrigotavares.kbLEDMenu;
				PRODUCT_NAME = "$(TARGET_NAME)";
				SWIFT_OBJC_BRIDGING_HEADER = "kb LED Menu/kb LED Menu-Bridging-Header.h";
				SWIFT_OPTIMIZATION_LEVEL = "-Onone";
				SWIFT_VERSION = 3.0;
			};
			name = Debug;
		};
		5B331D471E8884DE00A9739D /* Release */ = {
			isa = XCBuildConfiguration;
			buildSettings = {
				ASSETCATALOG_COMPILER_APPICON_NAME = AppIcon;
				CLANG_ENABLE_MODULES = YES;
				CODE_SIGN_IDENTITY = "Mac Developer";
				COMBINE_HIDPI_IMAGES = YES;
				DEVELOPMENT_TEAM = T8UHR7346H;
				INFOPLIST_FILE = "kb LED Menu/Info.plist";
				LD_RUNPATH_SEARCH_PATHS = "$(inherited) @executable_path/../Frameworks";
				MACOSX_DEPLOYMENT_TARGET = 10.12;
				PRODUCT_BUNDLE_IDENTIFIER = com.rodrigotavares.kbLEDMenu;
				PRODUCT_NAME = "$(TARGET_NAME)";
				SWIFT_OBJC_BRIDGING_HEADER = "kb LED Menu/kb LED Menu-Bridging-Header.h";
				SWIFT_VERSION = 3.0;
			};
			name = Release;
		};
/* End XCBuildConfiguration section */

/* Begin XCConfigurationList section */
		5B331D331E8884DE00A9739D /* Build configuration list for PBXProject "kb LED Menu" */ = {
			isa = XCConfigurationList;
			buildConfigurations = (
				5B331D431E8884DE00A9739D /* Debug */,
				5B331D441E8884DE00A9739D /* Release */,
			);
			defaultConfigurationIsVisible = 0;
			defaultConfigurationName = Release;
		};
		5B331D451E8884DE00A9739D /* Build configuration list for PBXNativeTarget "kb LED Menu" */ = {
			isa = XCConfigurationList;
			buildConfigurations = (
				5B331D461E8884DE00A9739D /* Debug */,
				5B331D471E8884DE00A9739D /* Release */,
			);
			defaultConfigurationIsVisible = 0;
			defaultConfigurationName = Release;
		};
/* End XCConfigurationList section */
	};
	rootObject = 5B331D301E8884DE00A9739D /* Project object */;
}
